
Microsoft Visual Studio Solution File, Format Version 12.00
# Visual Studio Version 16
VisualStudioVersion = 16.0.28922.388
MinimumVisualStudioVersion = 10.0.40219.1
Project("{FAE04EC0-301F-11D3-BF4B-00C04F79EFBC}") = "DinoGame", "DinoGame\DinoGame.csproj", "{AF7AE80C-6BD1-4FA5-AE6D-98B9F1D335C1}"
EndProject
Global
	GlobalSection(SolutionConfigurationPlatforms) = preSolution
		Debug|Any CPU = Debug|Any CPU
		Release|Any CPU = Release|Any CPU
	EndGlobalSection
	GlobalSection(ProjectConfigurationPlatforms) = postSolution
		{AF7AE80C-6BD1-4FA5-AE6D-98B9F1D335C1}.Debug|Any CPU.ActiveCfg = Debug|Any CPU
		{AF7AE80C-6BD1-4FA5-AE6D-98B9F1D335C1}.Debug|Any CPU.Build.0 = Debug|Any CPU
		{AF7AE80C-6BD1-4FA5-AE6D-98B9F1D335C1}.Release|Any CPU.ActiveCfg = Release|Any CPU
		{AF7AE80C-6BD1-4FA5-AE6D-98B9F1D335C1}.Release|Any CPU.Build.0 = Release|Any CPU
	EndGlobalSection
	GlobalSection(SolutionProperties) = preSolution
		HideSolutionNode = FALSE
	EndGlobalSection
	GlobalSection(ExtensibilityGlobals) = postSolution
		SolutionGuid = {0C58A94B-FC41-4A91-BFF8-BAD43D38B691}
	EndGlobalSection
EndGlobal
